
Microsoft Visual Studio Solution File, Format Version 12.00
# Visual Studio Version 17
VisualStudioVersion = 17.10.35004.147
MinimumVisualStudioVersion = 10.0.40219.1
Project("{2150E333-8FDC-42A3-9474-1A3956D46DE8}") = "Src", "Src", "{E5970193-B29C-4230-A4B5-8CF89A2A5734}"
EndProject
Project("{2150E333-8FDC-42A3-9474-1A3956D46DE8}") = "Apis", "Apis", "{3F4D2642-61D3-4B46-8D96-C8538B6F0E92}"
EndProject
Project("{2150E333-8FDC-42A3-9474-1A3956D46DE8}") = "Core", "Core", "{3268391C-709D-4663-A35E-337D898ED6C5}"
EndProject
Project("{2150E333-8FDC-42A3-9474-1A3956D46DE8}") = "Infrastructure", "Infrastructure", "{7F3700E7-E742-4C9B-BC58-0D455CEC6830}"
EndProject
Project("{2150E333-8FDC-42A3-9474-1A3956D46DE8}") = "Shared", "Shared", "{2185BA17-D8F2-47FB-8A26-0A9442172709}"
EndProject
Project("{FAE04EC0-301F-11D3-BF4B-00C04F79EFBC}") = "Epic_Bid.Apis", "Epic_Bid.Apis\Epic_Bid.Apis.csproj", "{2F80FE32-D1C4-4858-8B6B-FDC5C809B01F}"
EndProject
Project("{FAE04EC0-301F-11D3-BF4B-00C04F79EFBC}") = "Epic_Bid.Apis.Controllers", "Epic_Bid.Apis.Controllers\Epic_Bid.Apis.Controllers.csproj", "{1CA93029-DC04-4E41-978E-CE8B24AC2082}"
EndProject
Project("{FAE04EC0-301F-11D3-BF4B-00C04F79EFBC}") = "Epic_Bid.Core.Application", "Epic_Bid.Core.Application\Epic_Bid.Core.Application.csproj", "{AFB64B28-EF5C-4B6F-B705-2F5A54943749}"
EndProject
Project("{FAE04EC0-301F-11D3-BF4B-00C04F79EFBC}") = "Epic_Bid.Core.Application.Abstraction", "Epic_Bid.Core.Application.Abstraction\Epic_Bid.Core.Application.Abstraction.csproj", "{A828FED9-54F7-4111-809E-CC4E1A82C677}"
EndProject
Project("{FAE04EC0-301F-11D3-BF4B-00C04F79EFBC}") = "Epic_Bid.Core.Domain", "Epic_Bid.Core.Domain\Epic_Bid.Core.Domain.csproj", "{2083201B-91C9-4B3E-812F-612BCF13CD28}"
EndProject
Project("{FAE04EC0-301F-11D3-BF4B-00C04F79EFBC}") = "Epic_Bid.Infrastructure", "Epic_Bid.Infrastructure\Epic_Bid.Infrastructure.csproj", "{07F327F1-54F0-4B11-A2A1-0EB9608759F0}"
EndProject
Project("{FAE04EC0-301F-11D3-BF4B-00C04F79EFBC}") = "Epic_Bid.Infrastructure.Persistence", "Epic_Bid.Infrastructure.Persistence\Epic_Bid.Infrastructure.Persistence.csproj", "{FBD6737D-335E-47A3-BF39-4C80A4981FAF}"
EndProject
Project("{FAE04EC0-301F-11D3-BF4B-00C04F79EFBC}") = "Epic_Bid.Shared", "Epic_Bid.Shared\Epic_Bid.Shared.csproj", "{5920AA33-0406-48D9-8328-9B502DEB8A26}"
EndProject
Global
	GlobalSection(SolutionConfigurationPlatforms) = preSolution
		Debug|Any CPU = Debug|Any CPU
		Release|Any CPU = Release|Any CPU
	EndGlobalSection
	GlobalSection(ProjectConfigurationPlatforms) = postSolution
		{2F80FE32-D1C4-4858-8B6B-FDC5C809B01F}.Debug|Any CPU.ActiveCfg = Debug|Any CPU
		{2F80FE32-D1C4-4858-8B6B-FDC5C809B01F}.Debug|Any CPU.Build.0 = Debug|Any CPU
		{2F80FE32-D1C4-4858-8B6B-FDC5C809B01F}.Release|Any CPU.ActiveCfg = Release|Any CPU
		{2F80FE32-D1C4-4858-8B6B-FDC5C809B01F}.Release|Any CPU.Build.0 = Release|Any CPU
		{1CA93029-DC04-4E41-978E-CE8B24AC2082}.Debug|Any CPU.ActiveCfg = Debug|Any CPU
		{1CA93029-DC04-4E41-978E-CE8B24AC2082}.Debug|Any CPU.Build.0 = Debug|Any CPU
		{1CA93029-DC04-4E41-978E-CE8B24AC2082}.Release|Any CPU.ActiveCfg = Release|Any CPU
		{1CA93029-DC04-4E41-978E-CE8B24AC2082}.Release|Any CPU.Build.0 = Release|Any CPU
		{AFB64B28-EF5C-4B6F-B705-2F5A54943749}.Debug|Any CPU.ActiveCfg = Debug|Any CPU
		{AFB64B28-EF5C-4B6F-B705-2F5A54943749}.Debug|Any CPU.Build.0 = Debug|Any CPU
		{AFB64B28-EF5C-4B6F-B705-2F5A54943749}.Release|Any CPU.ActiveCfg = Release|Any CPU
		{AFB64B28-EF5C-4B6F-B705-2F5A54943749}.Release|Any CPU.Build.0 = Release|Any CPU
		{A828FED9-54F7-4111-809E-CC4E1A82C677}.Debug|Any CPU.ActiveCfg = Debug|Any CPU
		{A828FED9-54F7-4111-809E-CC4E1A82C677}.Debug|Any CPU.Build.0 = Debug|Any CPU
		{A828FED9-54F7-4111-809E-CC4E1A82C677}.Release|Any CPU.ActiveCfg = Release|Any CPU
		{A828FED9-54F7-4111-809E-CC4E1A82C677}.Release|Any CPU.Build.0 = Release|Any CPU
		{2083201B-91C9-4B3E-812F-612BCF13CD28}.Debug|Any CPU.ActiveCfg = Debug|Any CPU
		{2083201B-91C9-4B3E-812F-612BCF13CD28}.Debug|Any CPU.Build.0 = Debug|Any CPU
		{2083201B-91C9-4B3E-812F-612BCF13CD28}.Release|Any CPU.ActiveCfg = Release|Any CPU
		{2083201B-91C9-4B3E-812F-612BCF13CD28}.Release|Any CPU.Build.0 = Release|Any CPU
		{07F327F1-54F0-4B11-A2A1-0EB9608759F0}.Debug|Any CPU.ActiveCfg = Debug|Any CPU
		{07F327F1-54F0-4B11-A2A1-0EB9608759F0}.Debug|Any CPU.Build.0 = Debug|Any CPU
		{07F327F1-54F0-4B11-A2A1-0EB9608759F0}.Release|Any CPU.ActiveCfg = Release|Any CPU
		{07F327F1-54F0-4B11-A2A1-0EB9608759F0}.Release|Any CPU.Build.0 = Release|Any CPU
		{FBD6737D-335E-47A3-BF39-4C80A4981FAF}.Debug|Any CPU.ActiveCfg = Debug|Any CPU
		{FBD6737D-335E-47A3-BF39-4C80A4981FAF}.Debug|Any CPU.Build.0 = Debug|Any CPU
		{FBD6737D-335E-47A3-BF39-4C80A4981FAF}.Release|Any CPU.ActiveCfg = Release|Any CPU
		{FBD6737D-335E-47A3-BF39-4C80A4981FAF}.Release|Any CPU.Build.0 = Release|Any CPU
		{5920AA33-0406-48D9-8328-9B502DEB8A26}.Debug|Any CPU.ActiveCfg = Debug|Any CPU
		{5920AA33-0406-48D9-8328-9B502DEB8A26}.Debug|Any CPU.Build.0 = Debug|Any CPU
		{5920AA33-0406-48D9-8328-9B502DEB8A26}.Release|Any CPU.ActiveCfg = Release|Any CPU
		{5920AA33-0406-48D9-8328-9B502DEB8A26}.Release|Any CPU.Build.0 = Release|Any CPU
	EndGlobalSection
	GlobalSection(SolutionProperties) = preSolution
		HideSolutionNode = FALSE
	EndGlobalSection
	GlobalSection(NestedProjects) = preSolution
		{3F4D2642-61D3-4B46-8D96-C8538B6F0E92} = {E5970193-B29C-4230-A4B5-8CF89A2A5734}
		{3268391C-709D-4663-A35E-337D898ED6C5} = {E5970193-B29C-4230-A4B5-8CF89A2A5734}
		{7F3700E7-E742-4C9B-BC58-0D455CEC6830} = {E5970193-B29C-4230-A4B5-8CF89A2A5734}
		{2185BA17-D8F2-47FB-8A26-0A9442172709} = {E5970193-B29C-4230-A4B5-8CF89A2A5734}
		{2F80FE32-D1C4-4858-8B6B-FDC5C809B01F} = {3F4D2642-61D3-4B46-8D96-C8538B6F0E92}
		{1CA93029-DC04-4E41-978E-CE8B24AC2082} = {3F4D2642-61D3-4B46-8D96-C8538B6F0E92}
		{AFB64B28-EF5C-4B6F-B705-2F5A54943749} = {3268391C-709D-4663-A35E-337D898ED6C5}
		{A828FED9-54F7-4111-809E-CC4E1A82C677} = {3268391C-709D-4663-A35E-337D898ED6C5}
		{2083201B-91C9-4B3E-812F-612BCF13CD28} = {3268391C-709D-4663-A35E-337D898ED6C5}
		{07F327F1-54F0-4B11-A2A1-0EB9608759F0} = {7F3700E7-E742-4C9B-BC58-0D455CEC6830}
		{FBD6737D-335E-47A3-BF39-4C80A4981FAF} = {7F3700E7-E742-4C9B-BC58-0D455CEC6830}
		{5920AA33-0406-48D9-8328-9B502DEB8A26} = {2185BA17-D8F2-47FB-8A26-0A9442172709}
	EndGlobalSection
	GlobalSection(ExtensibilityGlobals) = postSolution
		SolutionGuid = {7AC27996-39C6-449A-83B1-188D0C6738C7}
	EndGlobalSection
EndGlobal
